
Microsoft Visual Studio Solution File, Format Version 12.00
# Visual Studio 14
VisualStudioVersion = 14.0.25123.0
MinimumVisualStudioVersion = 10.0.40219.1
Project("{FAE04EC0-301F-11D3-BF4B-00C04F79EFBC}") = "task3epam", "task3epam\task3epam.csproj", "{2306D606-DD2D-404D-91AE-268A29186744}"
EndProject
Project("{FAE04EC0-301F-11D3-BF4B-00C04F79EFBC}") = "NumeralSystemTest", "NumeralSystemTesr\NumeralSystemTest.csproj", "{CDC39353-9487-403C-A81C-E62470B0F4DF}"
	ProjectSection(ProjectDependencies) = postProject
		{2306D606-DD2D-404D-91AE-268A29186744} = {2306D606-DD2D-404D-91AE-268A29186744}
	EndProjectSection
EndProject
Global
	GlobalSection(SolutionConfigurationPlatforms) = preSolution
		Debug|Any CPU = Debug|Any CPU
		Release|Any CPU = Release|Any CPU
	EndGlobalSection
	GlobalSection(ProjectConfigurationPlatforms) = postSolution
		{2306D606-DD2D-404D-91AE-268A29186744}.Debug|Any CPU.ActiveCfg = Debug|Any CPU
		{2306D606-DD2D-404D-91AE-268A29186744}.Debug|Any CPU.Build.0 = Debug|Any CPU
		{2306D606-DD2D-404D-91AE-268A29186744}.Release|Any CPU.ActiveCfg = Release|Any CPU
		{2306D606-DD2D-404D-91AE-268A29186744}.Release|Any CPU.Build.0 = Release|Any CPU
		{CDC39353-9487-403C-A81C-E62470B0F4DF}.Debug|Any CPU.ActiveCfg = Debug|Any CPU
		{CDC39353-9487-403C-A81C-E62470B0F4DF}.Debug|Any CPU.Build.0 = Debug|Any CPU
		{CDC39353-9487-403C-A81C-E62470B0F4DF}.Release|Any CPU.ActiveCfg = Release|Any CPU
		{CDC39353-9487-403C-A81C-E62470B0F4DF}.Release|Any CPU.Build.0 = Release|Any CPU
	EndGlobalSection
	GlobalSection(SolutionProperties) = preSolution
		HideSolutionNode = FALSE
	EndGlobalSection
EndGlobal
